
Microsoft Visual Studio Solution File, Format Version 12.00
# Visual Studio Version 17
VisualStudioVersion = 17.14.36623.8 d17.14
MinimumVisualStudioVersion = 10.0.40219.1
Project("{FAE04EC0-301F-11D3-BF4B-00C04F79EFBC}") = "MyWebAPI", "MyWebAPI.csproj", "{421E1A06-7063-40D1-9E3C-2E989DA1DBB5}"
EndProject
Global
	GlobalSection(SolutionConfigurationPlatforms) = preSolution
		Debug|Any CPU = Debug|Any CPU
		Release|Any CPU = Release|Any CPU
	EndGlobalSection
	GlobalSection(ProjectConfigurationPlatforms) = postSolution
		{421E1A06-7063-40D1-9E3C-2E989DA1DBB5}.Debug|Any CPU.ActiveCfg = Debug|Any CPU
		{421E1A06-7063-40D1-9E3C-2E989DA1DBB5}.Debug|Any CPU.Build.0 = Debug|Any CPU
		{421E1A06-7063-40D1-9E3C-2E989DA1DBB5}.Release|Any CPU.ActiveCfg = Release|Any CPU
		{421E1A06-7063-40D1-9E3C-2E989DA1DBB5}.Release|Any CPU.Build.0 = Release|Any CPU
	EndGlobalSection
	GlobalSection(SolutionProperties) = preSolution
		HideSolutionNode = FALSE
	EndGlobalSection
	GlobalSection(ExtensibilityGlobals) = postSolution
		SolutionGuid = {9896F5BC-75B3-4F69-A797-A20CEB2543A1}
	EndGlobalSection
EndGlobal
